
Microsoft Visual Studio Solution File, Format Version 12.00
# Visual Studio Version 16
VisualStudioVersion = 16.0.29230.47
MinimumVisualStudioVersion = 10.0.40219.1
Project("{9A19103F-16F7-4668-BE54-9A1E7A4F7556}") = "Obs.Business", "Obs.Core\Obs.Business.csproj", "{0C9F39A2-2743-4E04-8530-60C1B64DC4AF}"
EndProject
Project("{9A19103F-16F7-4668-BE54-9A1E7A4F7556}") = "Obs.Core", "Obs.Business\Obs.Core.csproj", "{939096A7-0822-4F38-8FEB-86A0AF51D18F}"
EndProject
Project("{9A19103F-16F7-4668-BE54-9A1E7A4F7556}") = "Obs.DataAccess", "Obs.DataAccess\Obs.DataAccess.csproj", "{73627A38-192E-486D-B6C4-E58FBAAF9C5C}"
EndProject
Project("{9A19103F-16F7-4668-BE54-9A1E7A4F7556}") = "Obs.Entities", "Obs.Entities\Obs.Entities.csproj", "{28AFCF3E-A355-4669-8FB8-78648EAD67CF}"
EndProject
Project("{FAE04EC0-301F-11D3-BF4B-00C04F79EFBC}") = "Obs.WebUI", "Obs.WebUI\Obs.WebUI.csproj", "{6E8A5FDC-D9D1-4CBD-8FAB-29E5A82D4356}"
EndProject
Global
	GlobalSection(SolutionConfigurationPlatforms) = preSolution
		Debug|Any CPU = Debug|Any CPU
		Release|Any CPU = Release|Any CPU
	EndGlobalSection
	GlobalSection(ProjectConfigurationPlatforms) = postSolution
		{0C9F39A2-2743-4E04-8530-60C1B64DC4AF}.Debug|Any CPU.ActiveCfg = Debug|Any CPU
		{0C9F39A2-2743-4E04-8530-60C1B64DC4AF}.Debug|Any CPU.Build.0 = Debug|Any CPU
		{0C9F39A2-2743-4E04-8530-60C1B64DC4AF}.Release|Any CPU.ActiveCfg = Release|Any CPU
		{0C9F39A2-2743-4E04-8530-60C1B64DC4AF}.Release|Any CPU.Build.0 = Release|Any CPU
		{939096A7-0822-4F38-8FEB-86A0AF51D18F}.Debug|Any CPU.ActiveCfg = Debug|Any CPU
		{939096A7-0822-4F38-8FEB-86A0AF51D18F}.Debug|Any CPU.Build.0 = Debug|Any CPU
		{939096A7-0822-4F38-8FEB-86A0AF51D18F}.Release|Any CPU.ActiveCfg = Release|Any CPU
		{939096A7-0822-4F38-8FEB-86A0AF51D18F}.Release|Any CPU.Build.0 = Release|Any CPU
		{73627A38-192E-486D-B6C4-E58FBAAF9C5C}.Debug|Any CPU.ActiveCfg = Debug|Any CPU
		{73627A38-192E-486D-B6C4-E58FBAAF9C5C}.Debug|Any CPU.Build.0 = Debug|Any CPU
		{73627A38-192E-486D-B6C4-E58FBAAF9C5C}.Release|Any CPU.ActiveCfg = Release|Any CPU
		{73627A38-192E-486D-B6C4-E58FBAAF9C5C}.Release|Any CPU.Build.0 = Release|Any CPU
		{28AFCF3E-A355-4669-8FB8-78648EAD67CF}.Debug|Any CPU.ActiveCfg = Debug|Any CPU
		{28AFCF3E-A355-4669-8FB8-78648EAD67CF}.Debug|Any CPU.Build.0 = Debug|Any CPU
		{28AFCF3E-A355-4669-8FB8-78648EAD67CF}.Release|Any CPU.ActiveCfg = Release|Any CPU
		{28AFCF3E-A355-4669-8FB8-78648EAD67CF}.Release|Any CPU.Build.0 = Release|Any CPU
		{6E8A5FDC-D9D1-4CBD-8FAB-29E5A82D4356}.Debug|Any CPU.ActiveCfg = Debug|Any CPU
		{6E8A5FDC-D9D1-4CBD-8FAB-29E5A82D4356}.Debug|Any CPU.Build.0 = Debug|Any CPU
		{6E8A5FDC-D9D1-4CBD-8FAB-29E5A82D4356}.Release|Any CPU.ActiveCfg = Release|Any CPU
		{6E8A5FDC-D9D1-4CBD-8FAB-29E5A82D4356}.Release|Any CPU.Build.0 = Release|Any CPU
	EndGlobalSection
	GlobalSection(SolutionProperties) = preSolution
		HideSolutionNode = FALSE
	EndGlobalSection
	GlobalSection(ExtensibilityGlobals) = postSolution
		SolutionGuid = {8B26EEFF-A4B8-47AD-B31B-24C3D8902348}
	EndGlobalSection
EndGlobal
